
Microsoft Visual Studio Solution File, Format Version 12.00
# Visual Studio Version 17
VisualStudioVersion = 17.10.35004.147
MinimumVisualStudioVersion = 10.0.40219.1
Project("{FAE04EC0-301F-11D3-BF4B-00C04F79EFBC}") = "OOP_Gyak", "OOP_Gyak\OOP_Gyak.csproj", "{37643148-B2BC-4232-A7CF-9CDF61BE6751}"
EndProject
Global
	GlobalSection(SolutionConfigurationPlatforms) = preSolution
		Debug|Any CPU = Debug|Any CPU
		Release|Any CPU = Release|Any CPU
	EndGlobalSection
	GlobalSection(ProjectConfigurationPlatforms) = postSolution
		{37643148-B2BC-4232-A7CF-9CDF61BE6751}.Debug|Any CPU.ActiveCfg = Debug|Any CPU
		{37643148-B2BC-4232-A7CF-9CDF61BE6751}.Debug|Any CPU.Build.0 = Debug|Any CPU
		{37643148-B2BC-4232-A7CF-9CDF61BE6751}.Release|Any CPU.ActiveCfg = Release|Any CPU
		{37643148-B2BC-4232-A7CF-9CDF61BE6751}.Release|Any CPU.Build.0 = Release|Any CPU
	EndGlobalSection
	GlobalSection(SolutionProperties) = preSolution
		HideSolutionNode = FALSE
	EndGlobalSection
	GlobalSection(ExtensibilityGlobals) = postSolution
		SolutionGuid = {AF793884-CEA1-41BB-9923-197B1D96DB11}
	EndGlobalSection
EndGlobal
